
Microsoft Visual Studio Solution File, Format Version 12.00
# Visual Studio Version 16
VisualStudioVersion = 16.0.36631.11
MinimumVisualStudioVersion = 10.0.40219.1
Project("{FAE04EC0-301F-11D3-BF4B-00C04F79EFBC}") = "PDFcore", "PDFcore\PDFcore.csproj", "{99D4B094-CC50-4213-B0A1-80621B292E2B}"
EndProject
Global
	GlobalSection(SolutionConfigurationPlatforms) = preSolution
		Debug|Any CPU = Debug|Any CPU
		Release|Any CPU = Release|Any CPU
	EndGlobalSection
	GlobalSection(ProjectConfigurationPlatforms) = postSolution
		{99D4B094-CC50-4213-B0A1-80621B292E2B}.Debug|Any CPU.ActiveCfg = Debug|Any CPU
		{99D4B094-CC50-4213-B0A1-80621B292E2B}.Debug|Any CPU.Build.0 = Debug|Any CPU
		{99D4B094-CC50-4213-B0A1-80621B292E2B}.Release|Any CPU.ActiveCfg = Release|Any CPU
		{99D4B094-CC50-4213-B0A1-80621B292E2B}.Release|Any CPU.Build.0 = Release|Any CPU
	EndGlobalSection
	GlobalSection(SolutionProperties) = preSolution
		HideSolutionNode = FALSE
	EndGlobalSection
	GlobalSection(ExtensibilityGlobals) = postSolution
		SolutionGuid = {8C4B027B-9663-4883-BAF3-301725EB7AF8}
	EndGlobalSection
EndGlobal
